{
    "_meta": {
        "hash": {
            "sha256": "5767e9e58409585ffc7d24fbccd4f33e4406c38a14d8ce25f9e4b5de9018baf4"
        },
        "pipfile-spec": 6,
        "requires": {
            "python_version": "3.11"
        },
        "sources": [
            {
                "name": "pypi",
                "url": "https://pypi.org/simple",
                "verify_ssl": true
            }
        ]
    },
    "default": {
        "cowsay": {
            "hashes": [
                "sha256:274b1e6fc1b966d53976333eb90ac94cb07a450a700b455af9fbdf882244b30a"
            ],
            "index": "pypi",
            "markers": "python_version >= '3.8'",
            "version": "==6.1"
        },
        "python-cowsay": {
            "hashes": [
                "sha256:69aa91072e36ff27ceb8261718323c9ab275b3470b2260841c5b9ad5d83e8ff3",
                "sha256:eae49ea3abc00dba38f166e92f2e8f103a75182a944eb7b79aab5b515ca0363d"
            ],
            "index": "pypi",
            "markers": "python_version >= '3.8'",
            "version": "==1.2.0"
        }
    },
    "develop": {}
}
