{
    "_meta": {
        "hash": {
            "sha256": "87d05d6a51e4d7e0a6a75d1eac3d0b52659455c3bdb1e22a2ebf3c8ee90d063a"
        },
        "pipfile-spec": 6,
        "requires": {
            "python_version": "3.11"
        },
        "sources": [
            {
                "name": "pypi",
                "url": "https://pypi.org/simple",
                "verify_ssl": true
            }
        ]
    },
    "default": {
        "babel": {
            "hashes": [
                "sha256:08706bdad8d0a3413266ab61bd6c34d0c28d6e1e7badf40a2cebe67644e2e1fb",
                "sha256:8daf0e265d05768bc6c7a314cf1321e9a123afc328cc635c18622a2f30a04413"
            ],
            "index": "pypi",
            "markers": "python_version >= '3.8'",
            "version": "==2.15.0"
        },
        "python-cowsay": {
            "hashes": [
                "sha256:69aa91072e36ff27ceb8261718323c9ab275b3470b2260841c5b9ad5d83e8ff3",
                "sha256:eae49ea3abc00dba38f166e92f2e8f103a75182a944eb7b79aab5b515ca0363d"
            ],
            "index": "pypi",
            "markers": "python_version >= '3.8'",
            "version": "==1.2.0"
        }
    },
    "develop": {}
}
